
Microsoft Visual Studio Solution File, Format Version 12.00
# Visual Studio 15
VisualStudioVersion = 15.0.26124.0
MinimumVisualStudioVersion = 15.0.26124.0
Project("{FAE04EC0-301F-11D3-BF4B-00C04F79EFBC}") = "Palindrome.Client", "Palindrome.Client\Palindrome.Client.csproj", "{733201D8-9889-4919-AAA2-46D09C16B87C}"
EndProject
Project("{FAE04EC0-301F-11D3-BF4B-00C04F79EFBC}") = "Palindrome.Domain", "Palindrome.Domain\Palindrome.Domain.csproj", "{B208FCB5-E551-4806-B23E-5F2C8EA259E3}"
EndProject
Project("{FAE04EC0-301F-11D3-BF4B-00C04F79EFBC}") = "Palindrome.Testing", "Palindrome.Testing\Palindrome.Testing.csproj", "{FD8949D0-F849-4B16-9EA6-81BAAA222B2F}"
EndProject
Global
	GlobalSection(SolutionConfigurationPlatforms) = preSolution
		Debug|Any CPU = Debug|Any CPU
		Debug|x64 = Debug|x64
		Debug|x86 = Debug|x86
		Release|Any CPU = Release|Any CPU
		Release|x64 = Release|x64
		Release|x86 = Release|x86
	EndGlobalSection
	GlobalSection(SolutionProperties) = preSolution
		HideSolutionNode = FALSE
	EndGlobalSection
	GlobalSection(ProjectConfigurationPlatforms) = postSolution
		{733201D8-9889-4919-AAA2-46D09C16B87C}.Debug|Any CPU.ActiveCfg = Debug|Any CPU
		{733201D8-9889-4919-AAA2-46D09C16B87C}.Debug|Any CPU.Build.0 = Debug|Any CPU
		{733201D8-9889-4919-AAA2-46D09C16B87C}.Debug|x64.ActiveCfg = Debug|Any CPU
		{733201D8-9889-4919-AAA2-46D09C16B87C}.Debug|x64.Build.0 = Debug|Any CPU
		{733201D8-9889-4919-AAA2-46D09C16B87C}.Debug|x86.ActiveCfg = Debug|Any CPU
		{733201D8-9889-4919-AAA2-46D09C16B87C}.Debug|x86.Build.0 = Debug|Any CPU
		{733201D8-9889-4919-AAA2-46D09C16B87C}.Release|Any CPU.ActiveCfg = Release|Any CPU
		{733201D8-9889-4919-AAA2-46D09C16B87C}.Release|Any CPU.Build.0 = Release|Any CPU
		{733201D8-9889-4919-AAA2-46D09C16B87C}.Release|x64.ActiveCfg = Release|Any CPU
		{733201D8-9889-4919-AAA2-46D09C16B87C}.Release|x64.Build.0 = Release|Any CPU
		{733201D8-9889-4919-AAA2-46D09C16B87C}.Release|x86.ActiveCfg = Release|Any CPU
		{733201D8-9889-4919-AAA2-46D09C16B87C}.Release|x86.Build.0 = Release|Any CPU
		{B208FCB5-E551-4806-B23E-5F2C8EA259E3}.Debug|Any CPU.ActiveCfg = Debug|Any CPU
		{B208FCB5-E551-4806-B23E-5F2C8EA259E3}.Debug|Any CPU.Build.0 = Debug|Any CPU
		{B208FCB5-E551-4806-B23E-5F2C8EA259E3}.Debug|x64.ActiveCfg = Debug|Any CPU
		{B208FCB5-E551-4806-B23E-5F2C8EA259E3}.Debug|x64.Build.0 = Debug|Any CPU
		{B208FCB5-E551-4806-B23E-5F2C8EA259E3}.Debug|x86.ActiveCfg = Debug|Any CPU
		{B208FCB5-E551-4806-B23E-5F2C8EA259E3}.Debug|x86.Build.0 = Debug|Any CPU
		{B208FCB5-E551-4806-B23E-5F2C8EA259E3}.Release|Any CPU.ActiveCfg = Release|Any CPU
		{B208FCB5-E551-4806-B23E-5F2C8EA259E3}.Release|Any CPU.Build.0 = Release|Any CPU
		{B208FCB5-E551-4806-B23E-5F2C8EA259E3}.Release|x64.ActiveCfg = Release|Any CPU
		{B208FCB5-E551-4806-B23E-5F2C8EA259E3}.Release|x64.Build.0 = Release|Any CPU
		{B208FCB5-E551-4806-B23E-5F2C8EA259E3}.Release|x86.ActiveCfg = Release|Any CPU
		{B208FCB5-E551-4806-B23E-5F2C8EA259E3}.Release|x86.Build.0 = Release|Any CPU
		{FD8949D0-F849-4B16-9EA6-81BAAA222B2F}.Debug|Any CPU.ActiveCfg = Debug|Any CPU
		{FD8949D0-F849-4B16-9EA6-81BAAA222B2F}.Debug|Any CPU.Build.0 = Debug|Any CPU
		{FD8949D0-F849-4B16-9EA6-81BAAA222B2F}.Debug|x64.ActiveCfg = Debug|Any CPU
		{FD8949D0-F849-4B16-9EA6-81BAAA222B2F}.Debug|x64.Build.0 = Debug|Any CPU
		{FD8949D0-F849-4B16-9EA6-81BAAA222B2F}.Debug|x86.ActiveCfg = Debug|Any CPU
		{FD8949D0-F849-4B16-9EA6-81BAAA222B2F}.Debug|x86.Build.0 = Debug|Any CPU
		{FD8949D0-F849-4B16-9EA6-81BAAA222B2F}.Release|Any CPU.ActiveCfg = Release|Any CPU
		{FD8949D0-F849-4B16-9EA6-81BAAA222B2F}.Release|Any CPU.Build.0 = Release|Any CPU
		{FD8949D0-F849-4B16-9EA6-81BAAA222B2F}.Release|x64.ActiveCfg = Release|Any CPU
		{FD8949D0-F849-4B16-9EA6-81BAAA222B2F}.Release|x64.Build.0 = Release|Any CPU
		{FD8949D0-F849-4B16-9EA6-81BAAA222B2F}.Release|x86.ActiveCfg = Release|Any CPU
		{FD8949D0-F849-4B16-9EA6-81BAAA222B2F}.Release|x86.Build.0 = Release|Any CPU
	EndGlobalSection
EndGlobal
